
Microsoft Visual Studio Solution File, Format Version 12.00
# Visual Studio Version 17
VisualStudioVersion = 17.5.33627.172
MinimumVisualStudioVersion = 10.0.40219.1
Project("{FAE04EC0-301F-11D3-BF4B-00C04F79EFBC}") = "HomeWorkLesson2", "HomeWorkLesson2\HomeWorkLesson2.csproj", "{2AD651D5-643C-46A7-8F59-AE1F5255FF86}"
EndProject
Project("{FAE04EC0-301F-11D3-BF4B-00C04F79EFBC}") = "HomeWorkLesson2Task2", "HomeWorkLesson2Task2\HomeWorkLesson2Task2.csproj", "{C3F002FF-910A-49D5-A9F1-F9904F7BD800}"
EndProject
Global
	GlobalSection(SolutionConfigurationPlatforms) = preSolution
		Debug|Any CPU = Debug|Any CPU
		Release|Any CPU = Release|Any CPU
	EndGlobalSection
	GlobalSection(ProjectConfigurationPlatforms) = postSolution
		{2AD651D5-643C-46A7-8F59-AE1F5255FF86}.Debug|Any CPU.ActiveCfg = Debug|Any CPU
		{2AD651D5-643C-46A7-8F59-AE1F5255FF86}.Debug|Any CPU.Build.0 = Debug|Any CPU
		{2AD651D5-643C-46A7-8F59-AE1F5255FF86}.Release|Any CPU.ActiveCfg = Release|Any CPU
		{2AD651D5-643C-46A7-8F59-AE1F5255FF86}.Release|Any CPU.Build.0 = Release|Any CPU
		{C3F002FF-910A-49D5-A9F1-F9904F7BD800}.Debug|Any CPU.ActiveCfg = Debug|Any CPU
		{C3F002FF-910A-49D5-A9F1-F9904F7BD800}.Debug|Any CPU.Build.0 = Debug|Any CPU
		{C3F002FF-910A-49D5-A9F1-F9904F7BD800}.Release|Any CPU.ActiveCfg = Release|Any CPU
		{C3F002FF-910A-49D5-A9F1-F9904F7BD800}.Release|Any CPU.Build.0 = Release|Any CPU
	EndGlobalSection
	GlobalSection(SolutionProperties) = preSolution
		HideSolutionNode = FALSE
	EndGlobalSection
	GlobalSection(ExtensibilityGlobals) = postSolution
		SolutionGuid = {5E5D959D-4C43-4DA1-940A-9B50B20947D1}
	EndGlobalSection
EndGlobal
